
Microsoft Visual Studio Solution File, Format Version 12.00
# Visual Studio 15
VisualStudioVersion = 15.0.26730.12
MinimumVisualStudioVersion = 10.0.40219.1
Project("{FAE04EC0-301F-11D3-BF4B-00C04F79EFBC}") = "INotifyPropertyChanged-Style2", "INotifyPropertyChanged-Style2\INotifyPropertyChanged-Style2.csproj", "{A16ACFD5-D54D-47A3-AB9B-3F0AF4515B87}"
EndProject
Global
	GlobalSection(SolutionConfigurationPlatforms) = preSolution
		Debug|Any CPU = Debug|Any CPU
		Release|Any CPU = Release|Any CPU
	EndGlobalSection
	GlobalSection(ProjectConfigurationPlatforms) = postSolution
		{A16ACFD5-D54D-47A3-AB9B-3F0AF4515B87}.Debug|Any CPU.ActiveCfg = Debug|Any CPU
		{A16ACFD5-D54D-47A3-AB9B-3F0AF4515B87}.Debug|Any CPU.Build.0 = Debug|Any CPU
		{A16ACFD5-D54D-47A3-AB9B-3F0AF4515B87}.Release|Any CPU.ActiveCfg = Release|Any CPU
		{A16ACFD5-D54D-47A3-AB9B-3F0AF4515B87}.Release|Any CPU.Build.0 = Release|Any CPU
	EndGlobalSection
	GlobalSection(SolutionProperties) = preSolution
		HideSolutionNode = FALSE
	EndGlobalSection
	GlobalSection(ExtensibilityGlobals) = postSolution
		SolutionGuid = {A7A41103-B1FC-4442-A5C5-EFAA3B4A65E0}
	EndGlobalSection
EndGlobal
